hash: 20a62f2722f31eb1bee7866b305e9ecad3384a3294f44cad635d1d2bd684c897
updated: 2016-09-08T18:07:26.132661246+09:00
imports:
- name: github.com/client9/reopen
  version: 4b86f9c0ead51cc410d05655596e30f281ed9071
- name: github.com/codegangsta/cli
  version: a14d7d367bc02b1f57d88de97926727f2d936387
- name: github.com/codegangsta/inject
  version: 33e0aa1cb7c019ccc3fbe049a8262a6403d30504
- name: github.com/codegangsta/martini
  version: fe605b5cd210047ae3bb73d2b69a5b912a9b423d
- name: github.com/codegangsta/martini-contrib
  version: 8ce6181c2609699e4c7cd30994b76a850a9cdadc
  subpackages:
  - render
  - secure
- name: github.com/go-martini/martini
  version: 49411a5b646861ad29a6ddd5351717a0a9c49b94
- name: github.com/heartbeatsjp/happo-lib
  version: 0506b1206a1b3d6e79fb0394dc6dc465f849dcb0
- name: github.com/martini-contrib/binding
  version: 05d3e151b6cf34dacac6306226a33db68459a3b5
- name: github.com/Sirupsen/logrus
  version: 3ec0642a7fb6488f65b06f9040adc67e3990296a
- name: github.com/Songmu/timeout
  version: 84831c43cf48f6b1d52c64ed499d714ffd62eca1
- name: golang.org/x/net
  version: 9313baa13d9262e49d07b20ed57dceafcd7240cc
  subpackages:
  - netutil
- name: golang.org/x/sys
  version: 30de6d19a3bd89a5f38ae4028e23aaa5582648af
  subpackages:
  - unix
- name: gopkg.in/yaml.v2
  version: e4d366fc3c7938e2958e662b4258c7a89e1f0e3e
testImports:
- name: github.com/davecgh/go-spew
  version: 2df174808ee097f90d259e432cc04442cf60be21
  subpackages:
  - spew
- name: github.com/pmezard/go-difflib
  version: d8ed2627bdf02c080bf22230dbb337003b7aba2d
  subpackages:
  - difflib
- name: github.com/stretchr/testify
  version: f390dcf405f7b83c997eac1b06768bb9f44dec18
  subpackages:
  - assert
