# This file is autogenerated, do not edit; changes may be undone by the next 'dep ensure'.


[[projects]]
  name = "github.com/Sirupsen/logrus"
  packages = ["."]
  revision = "3ec0642a7fb6488f65b06f9040adc67e3990296a"

[[projects]]
  name = "github.com/Songmu/timeout"
  packages = ["."]
  revision = "84831c43cf48f6b1d52c64ed499d714ffd62eca1"

[[projects]]
  name = "github.com/boltdb/bolt"
  packages = ["."]
  revision = "2f1ce7a837dcb8da3ec595b1dac9d0632f0f99e8"
  version = "v1.3.1"

[[projects]]
  name = "github.com/client9/reopen"
  packages = ["."]
  revision = "4b86f9c0ead51cc410d05655596e30f281ed9071"

[[projects]]
  name = "github.com/codegangsta/cli"
  packages = ["."]
  revision = "a14d7d367bc02b1f57d88de97926727f2d936387"
  version = "v1.18.1"

[[projects]]
  branch = "master"
  name = "github.com/codegangsta/inject"
  packages = ["."]
  revision = "33e0aa1cb7c019ccc3fbe049a8262a6403d30504"

[[projects]]
  name = "github.com/codegangsta/martini"
  packages = ["."]
  revision = "fe605b5cd210047ae3bb73d2b69a5b912a9b423d"

[[projects]]
  branch = "master"
  name = "github.com/codegangsta/martini-contrib"
  packages = ["render","secure"]
  revision = "8ce6181c2609699e4c7cd30994b76a850a9cdadc"

[[projects]]
  name = "github.com/davecgh/go-spew"
  packages = ["spew"]
  revision = "2df174808ee097f90d259e432cc04442cf60be21"

[[projects]]
  name = "github.com/go-martini/martini"
  packages = ["."]
  revision = "49411a5b646861ad29a6ddd5351717a0a9c49b94"
  version = "v1.0"

[[projects]]
  branch = "master"
  name = "github.com/martini-contrib/binding"
  packages = ["."]
  revision = "05d3e151b6cf34dacac6306226a33db68459a3b5"

[[projects]]
  name = "github.com/pmezard/go-difflib"
  packages = ["difflib"]
  revision = "d8ed2627bdf02c080bf22230dbb337003b7aba2d"

[[projects]]
  name = "github.com/stretchr/testify"
  packages = ["assert"]
  revision = "f390dcf405f7b83c997eac1b06768bb9f44dec18"
  version = "v1.1.3"

[[projects]]
  name = "golang.org/x/net"
  packages = ["netutil"]
  revision = "9313baa13d9262e49d07b20ed57dceafcd7240cc"

[[projects]]
  name = "golang.org/x/sys"
  packages = ["unix"]
  revision = "30de6d19a3bd89a5f38ae4028e23aaa5582648af"

[[projects]]
  name = "gopkg.in/yaml.v2"
  packages = ["."]
  revision = "e4d366fc3c7938e2958e662b4258c7a89e1f0e3e"

[solve-meta]
  analyzer-name = "dep"
  analyzer-version = 1
  inputs-digest = "da60f2e04641cc543c447dcc0eb050dd7cffc35ec5f5df06862f39568c0d9fb8"
  solver-name = "gps-cdcl"
  solver-version = 1
